{
    "name": "brew",
    "version": "0.0.0",
    "lockfileVersion": 3,
    "requires": true,
    "packages": {
        "": {
            "name": "brew",
            "version": "0.0.0",
            "dependencies": {
                "cmdore": "file:../../"
            }
        },
        "../..": {
            "version": "0.0.8",
            "license": "MIT",
            "dependencies": {
                "argvex": "^0.0.6",
                "logtint": "^0.2.3",
                "pkginspect": "^0.0.0",
                "tslib": "^2.6.3"
            },
            "devDependencies": {
                "@biomejs/biome": "2.4.4",
                "@types/node": "^22.4.0",
                "ts-patch": "^3.2.1",
                "typescript": "^5.5.4",
                "typescript-transform-paths": "^3.4.11",
                "vitest": "^3.2.4"
            }
        },
        "node_modules/cmdore": {
            "resolved": "../..",
            "link": true
        }
    }
}
